// !$*UTF8*$!
{
	archiveVersion = 1;
	classes = {
	};
	objectVersion = 56;
	objects = {

/* Begin PBXBuildFile section */
		5CADC71A2CA471CC007662D2 /* LlamaStackClient in Frameworks */ = {isa = PBXBuildFile; productRef = 5CADC7192CA471CC007662D2 /* LlamaStackClient */; };
		5CAF3DD82CA485740029CD2B /* LlamaStackClient in Frameworks */ = {isa = PBXBuildFile; productRef = 5CAF3DD72CA485740029CD2B /* LlamaStackClient */; };
		5CCBC60C2CA1F04A00E958D0 /* LocalInference.h in Headers */ = {isa = PBXBuildFile; fileRef = 5CCBC60B2CA1F04A00E958D0 /* LocalInference.h */; settings = {ATTRIBUTES = (Public, ); }; };
		5CCBC6752CA1F45800E958D0 /* executorch_debug in Frameworks */ = {isa = PBXBuildFile; productRef = 5CCBC6742CA1F45800E958D0 /* executorch_debug */; };
		5CCBC6862CA1F64A00E958D0 /* LLaMARunner.framework in Frameworks */ = {isa = PBXBuildFile; fileRef = 5CCBC6802CA1F63F00E958D0 /* LLaMARunner.framework */; platformFilter = ios; };
		5CCBC6872CA1F64A00E958D0 /* LLaMARunner.framework in Embed Frameworks */ = {isa = PBXBuildFile; fileRef = 5CCBC6802CA1F63F00E958D0 /* LLaMARunner.framework */; platformFilter = ios; settings = {ATTRIBUTES = (CodeSignOnCopy, RemoveHeadersOnCopy, ); }; };
		5CCBC68D2CA1F7A100E958D0 /* PromptTemplate.swift in Sources */ = {isa = PBXBuildFile; fileRef = 5CCBC6892CA1F7A000E958D0 /* PromptTemplate.swift */; };
		5CCBC68E2CA1F7A100E958D0 /* LocalInference.swift in Sources */ = {isa = PBXBuildFile; fileRef = 5CCBC68A2CA1F7A000E958D0 /* LocalInference.swift */; };
		5CCBC68F2CA1F7A100E958D0 /* Parsing.swift in Sources */ = {isa = PBXBuildFile; fileRef = 5CCBC68B2CA1F7A000E958D0 /* Parsing.swift */; };
		5CCBC6902CA1F7A100E958D0 /* SystemPrompts.swift in Sources */ = {isa = PBXBuildFile; fileRef = 5CCBC68C2CA1F7A100E958D0 /* SystemPrompts.swift */; };
		5CCBC6932CA1F7D000E958D0 /* Stencil in Frameworks */ = {isa = PBXBuildFile; productRef = 5CCBC6922CA1F7D000E958D0 /* Stencil */; };
/* End PBXBuildFile section */

/* Begin PBXContainerItemProxy section */
		5CCBC67D2CA1F63F00E958D0 /* PBXContainerItemProxy */ = {
			isa = PBXContainerItemProxy;
			containerPortal = 5CCBC6762CA1F63F00E958D0 /* LLaMA.xcodeproj */;
			proxyType = 2;
			remoteGlobalIDString = 036CAF9D2BB1444500D6C2D5;
			remoteInfo = LLaMA;
		};
		5CCBC67F2CA1F63F00E958D0 /* PBXContainerItemProxy */ = {
			isa = PBXContainerItemProxy;
			containerPortal = 5CCBC6762CA1F63F00E958D0 /* LLaMA.xcodeproj */;
			proxyType = 2;
			remoteGlobalIDString = 03729ED52BB1F8DE00152F2E;
			remoteInfo = LLaMARunner;
		};
		5CCBC69E2CA2036B00E958D0 /* PBXContainerItemProxy */ = {
			isa = PBXContainerItemProxy;
			containerPortal = 5CCBC6762CA1F63F00E958D0 /* LLaMA.xcodeproj */;
			proxyType = 2;
			remoteGlobalIDString = 5CCBC6982CA2036A00E958D0;
			remoteInfo = LLaMAPerfBenchmark;
		};
		5CCBC6A02CA2036B00E958D0 /* PBXContainerItemProxy */ = {
			isa = PBXContainerItemProxy;
			containerPortal = 5CCBC6762CA1F63F00E958D0 /* LLaMA.xcodeproj */;
			proxyType = 2;
			remoteGlobalIDString = 5CCBC6992CA2036A00E958D0;
			remoteInfo = LLaMAPerfBenchmarkTests;
		};
/* End PBXContainerItemProxy section */

/* Begin PBXCopyFilesBuildPhase section */
		5CCBC6882CA1F64A00E958D0 /* Embed Frameworks */ = {
			isa = PBXCopyFilesBuildPhase;
			buildActionMask = 2147483647;
			dstPath = "";
			dstSubfolderSpec = 10;
			files = (
				5CCBC6872CA1F64A00E958D0 /* LLaMARunner.framework in Embed Frameworks */,
			);
			name = "Embed Frameworks";
			runOnlyForDeploymentPostprocessing = 0;
		};
/* End PBXCopyFilesBuildPhase section */

/* Begin PBXFileReference section */
		5CCBC6082CA1F04A00E958D0 /* LocalInferenceImpl.framework */ = {isa = PBXFileReference; explicitFileType = wrapper.framework; includeInIndex = 0; path = LocalInferenceImpl.framework; sourceTree = BUILT_PRODUCTS_DIR; };
		5CCBC60B2CA1F04A00E958D0 /* LocalInference.h */ = {isa = PBXFileReference; lastKnownFileType = sourcecode.c.h; path = LocalInference.h; sourceTree = "<group>"; };
		5CCBC6762CA1F63F00E958D0 /* LLaMA.xcodeproj */ = {isa = PBXFileReference; lastKnownFileType = "wrapper.pb-project"; name = LLaMA.xcodeproj; path = "executorch/examples/demo-apps/apple_ios/LLaMA/LLaMA.xcodeproj"; sourceTree = "<group>"; };
		5CCBC6892CA1F7A000E958D0 /* PromptTemplate.swift */ = {isa = PBXFileReference; fileEncoding = 4; lastKnownFileType = sourcecode.swift; path = PromptTemplate.swift; sourceTree = "<group>"; };
		5CCBC68A2CA1F7A000E958D0 /* LocalInference.swift */ = {isa = PBXFileReference; fileEncoding = 4; lastKnownFileType = sourcecode.swift; path = LocalInference.swift; sourceTree = "<group>"; };
		5CCBC68B2CA1F7A000E958D0 /* Parsing.swift */ = {isa = PBXFileReference; fileEncoding = 4; lastKnownFileType = sourcecode.swift; path = Parsing.swift; sourceTree = "<group>"; };
		5CCBC68C2CA1F7A100E958D0 /* SystemPrompts.swift */ = {isa = PBXFileReference; fileEncoding = 4; lastKnownFileType = sourcecode.swift; path = SystemPrompts.swift; sourceTree = "<group>"; };
/* End PBXFileReference section */

/* Begin PBXFrameworksBuildPhase section */
		5CCBC6052CA1F04A00E958D0 /* Frameworks */ = {
			isa = PBXFrameworksBuildPhase;
			buildActionMask = 2147483647;
			files = (
				5CADC71A2CA471CC007662D2 /* LlamaStackClient in Frameworks */,
				5CAF3DD82CA485740029CD2B /* LlamaStackClient in Frameworks */,
				5CCBC6932CA1F7D000E958D0 /* Stencil in Frameworks */,
				5CCBC6862CA1F64A00E958D0 /* LLaMARunner.framework in Frameworks */,
				5CCBC6752CA1F45800E958D0 /* executorch_debug in Frameworks */,
			);
			runOnlyForDeploymentPostprocessing = 0;
		};
/* End PBXFrameworksBuildPhase section */

/* Begin PBXGroup section */
		5CCBC5FE2CA1F04A00E958D0 = {
			isa = PBXGroup;
			children = (
				5CCBC6762CA1F63F00E958D0 /* LLaMA.xcodeproj */,
				5CCBC60A2CA1F04A00E958D0 /* LocalInferenceImpl */,
				5CCBC6092CA1F04A00E958D0 /* Products */,
				5CCBC6852CA1F64A00E958D0 /* Frameworks */,
			);
			sourceTree = "<group>";
		};
		5CCBC6092CA1F04A00E958D0 /* Products */ = {
			isa = PBXGroup;
			children = (
				5CCBC6082CA1F04A00E958D0 /* LocalInferenceImpl.framework */,
			);
			name = Products;
			sourceTree = "<group>";
		};
		5CCBC60A2CA1F04A00E958D0 /* LocalInferenceImpl */ = {
			isa = PBXGroup;
			children = (
				5CCBC68A2CA1F7A000E958D0 /* LocalInference.swift */,
				5CCBC68B2CA1F7A000E958D0 /* Parsing.swift */,
				5CCBC6892CA1F7A000E958D0 /* PromptTemplate.swift */,
				5CCBC68C2CA1F7A100E958D0 /* SystemPrompts.swift */,
				5CCBC60B2CA1F04A00E958D0 /* LocalInference.h */,
			);
			path = LocalInferenceImpl;
			sourceTree = "<group>";
		};
		5CCBC6772CA1F63F00E958D0 /* Products */ = {
			isa = PBXGroup;
			children = (
				5CCBC67E2CA1F63F00E958D0 /* LLaMA.app */,
				5CCBC6802CA1F63F00E958D0 /* LLaMARunner.framework */,
				5CCBC69F2CA2036B00E958D0 /* LLaMAPerfBenchmark.app */,
				5CCBC6A12CA2036B00E958D0 /* LLaMAPerfBenchmarkTests.xctest */,
			);
			name = Products;
			sourceTree = "<group>";
		};
		5CCBC6852CA1F64A00E958D0 /* Frameworks */ = {
			isa = PBXGroup;
			children = (
			);
			name = Frameworks;
			sourceTree = "<group>";
		};
/* End PBXGroup section */

/* Begin PBXHeadersBuildPhase section */
		5CCBC6032CA1F04A00E958D0 /* Headers */ = {
			isa = PBXHeadersBuildPhase;
			buildActionMask = 2147483647;
			files = (
				5CCBC60C2CA1F04A00E958D0 /* LocalInference.h in Headers */,
			);
			runOnlyForDeploymentPostprocessing = 0;
		};
/* End PBXHeadersBuildPhase section */

/* Begin PBXNativeTarget section */
		5CCBC6072CA1F04A00E958D0 /* LocalInferenceImpl */ = {
			isa = PBXNativeTarget;
			buildConfigurationList = 5CCBC60F2CA1F04A00E958D0 /* Build configuration list for PBXNativeTarget "LocalInferenceImpl" */;
			buildPhases = (
				5CCBC6032CA1F04A00E958D0 /* Headers */,
				5CCBC6042CA1F04A00E958D0 /* Sources */,
				5CCBC6052CA1F04A00E958D0 /* Frameworks */,
				5CCBC6062CA1F04A00E958D0 /* Resources */,
				5CCBC6882CA1F64A00E958D0 /* Embed Frameworks */,
			);
			buildRules = (
			);
			dependencies = (
			);
			name = LocalInferenceImpl;
			packageProductDependencies = (
				5CCBC6742CA1F45800E958D0 /* executorch_debug */,
				5CCBC6922CA1F7D000E958D0 /* Stencil */,
				5CADC7192CA471CC007662D2 /* LlamaStackClient */,
				5CAF3DD72CA485740029CD2B /* LlamaStackClient */,
			);
			productName = LocalInferenceProvider;
			productReference = 5CCBC6082CA1F04A00E958D0 /* LocalInferenceImpl.framework */;
			productType = "com.apple.product-type.framework";
		};
/* End PBXNativeTarget section */

/* Begin PBXProject section */
		5CCBC5FF2CA1F04A00E958D0 /* Project object */ = {
			isa = PBXProject;
			attributes = {
				BuildIndependentTargetsInParallel = 1;
				LastUpgradeCheck = 1540;
				TargetAttributes = {
					5CCBC6072CA1F04A00E958D0 = {
						CreatedOnToolsVersion = 15.4;
						LastSwiftMigration = 1540;
					};
				};
			};
			buildConfigurationList = 5CCBC6022CA1F04A00E958D0 /* Build configuration list for PBXProject "LocalInferenceImpl" */;
			compatibilityVersion = "Xcode 14.0";
			developmentRegion = en;
			hasScannedForEncodings = 0;
			knownRegions = (
				en,
				Base,
			);
			mainGroup = 5CCBC5FE2CA1F04A00E958D0;
			packageReferences = (
				5CCBC6732CA1F45800E958D0 /* XCRemoteSwiftPackageReference "executorch" */,
				5CCBC6912CA1F7D000E958D0 /* XCRemoteSwiftPackageReference "Stencil" */,
				5CAF3DD62CA485740029CD2B /* XCRemoteSwiftPackageReference "llama-stack-client-swift" */,
			);
			productRefGroup = 5CCBC6092CA1F04A00E958D0 /* Products */;
			projectDirPath = "";
			projectReferences = (
				{
					ProductGroup = 5CCBC6772CA1F63F00E958D0 /* Products */;
					ProjectRef = 5CCBC6762CA1F63F00E958D0 /* LLaMA.xcodeproj */;
				},
			);
			projectRoot = "";
			targets = (
				5CCBC6072CA1F04A00E958D0 /* LocalInferenceImpl */,
			);
		};
/* End PBXProject section */

/* Begin PBXReferenceProxy section */
		5CCBC67E2CA1F63F00E958D0 /* LLaMA.app */ = {
			isa = PBXReferenceProxy;
			fileType = wrapper.application;
			path = LLaMA.app;
			remoteRef = 5CCBC67D2CA1F63F00E958D0 /* PBXContainerItemProxy */;
			sourceTree = BUILT_PRODUCTS_DIR;
		};
		5CCBC6802CA1F63F00E958D0 /* LLaMARunner.framework */ = {
			isa = PBXReferenceProxy;
			fileType = wrapper.framework;
			path = LLaMARunner.framework;
			remoteRef = 5CCBC67F2CA1F63F00E958D0 /* PBXContainerItemProxy */;
			sourceTree = BUILT_PRODUCTS_DIR;
		};
		5CCBC69F2CA2036B00E958D0 /* LLaMAPerfBenchmark.app */ = {
			isa = PBXReferenceProxy;
			fileType = wrapper.application;
			path = LLaMAPerfBenchmark.app;
			remoteRef = 5CCBC69E2CA2036B00E958D0 /* PBXContainerItemProxy */;
			sourceTree = BUILT_PRODUCTS_DIR;
		};
		5CCBC6A12CA2036B00E958D0 /* LLaMAPerfBenchmarkTests.xctest */ = {
			isa = PBXReferenceProxy;
			fileType = wrapper.cfbundle;
			path = LLaMAPerfBenchmarkTests.xctest;
			remoteRef = 5CCBC6A02CA2036B00E958D0 /* PBXContainerItemProxy */;
			sourceTree = BUILT_PRODUCTS_DIR;
		};
/* End PBXReferenceProxy section */

/* Begin PBXResourcesBuildPhase section */
		5CCBC6062CA1F04A00E958D0 /* Resources */ = {
			isa = PBXResourcesBuildPhase;
			buildActionMask = 2147483647;
			files = (
			);
			runOnlyForDeploymentPostprocessing = 0;
		};
/* End PBXResourcesBuildPhase section */

/* Begin PBXSourcesBuildPhase section */
		5CCBC6042CA1F04A00E958D0 /* Sources */ = {
			isa = PBXSourcesBuildPhase;
			buildActionMask = 2147483647;
			files = (
				5CCBC6902CA1F7A100E958D0 /* SystemPrompts.swift in Sources */,
				5CCBC68D2CA1F7A100E958D0 /* PromptTemplate.swift in Sources */,
				5CCBC68F2CA1F7A100E958D0 /* Parsing.swift in Sources */,
				5CCBC68E2CA1F7A100E958D0 /* LocalInference.swift in Sources */,
			);
			runOnlyForDeploymentPostprocessing = 0;
		};
/* End PBXSourcesBuildPhase section */

/* Begin XCBuildConfiguration section */
		5CCBC60D2CA1F04A00E958D0 /* Debug */ = {
			isa = XCBuildConfiguration;
			buildSettings = {
				ALWAYS_SEARCH_USER_PATHS = NO;
				ASSETCATALOG_COMPILER_GENERATE_SWIFT_ASSET_SYMBOL_EXTENSIONS = YES;
				CLANG_ANALYZER_NONNULL = YES;
				CLANG_ANALYZER_NUMBER_OBJECT_CONVERSION = YES_AGGRESSIVE;
				CLANG_CXX_LANGUAGE_STANDARD = "gnu++20";
				CLANG_ENABLE_MODULES = YES;
				CLANG_ENABLE_OBJC_ARC = YES;
				CLANG_ENABLE_OBJC_WEAK = YES;
				CLANG_WARN_BLOCK_CAPTURE_AUTORELEASING = YES;
				CLANG_WARN_BOOL_CONVERSION = YES;
				CLANG_WARN_COMMA = YES;
				CLANG_WARN_CONSTANT_CONVERSION = YES;
				CLANG_WARN_DEPRECATED_OBJC_IMPLEMENTATIONS = YES;
				CLANG_WARN_DIRECT_OBJC_ISA_USAGE = YES_ERROR;
				CLANG_WARN_DOCUMENTATION_COMMENTS = YES;
				CLANG_WARN_EMPTY_BODY = YES;
				CLANG_WARN_ENUM_CONVERSION = YES;
				CLANG_WARN_INFINITE_RECURSION = YES;
				CLANG_WARN_INT_CONVERSION = YES;
				CLANG_WARN_NON_LITERAL_NULL_CONVERSION = YES;
				CLANG_WARN_OBJC_IMPLICIT_RETAIN_SELF = YES;
				CLANG_WARN_OBJC_LITERAL_CONVERSION = YES;
				CLANG_WARN_OBJC_ROOT_CLASS = YES_ERROR;
				CLANG_WARN_QUOTED_INCLUDE_IN_FRAMEWORK_HEADER = YES;
				CLANG_WARN_RANGE_LOOP_ANALYSIS = YES;
				CLANG_WARN_STRICT_PROTOTYPES = YES;
				CLANG_WARN_SUSPICIOUS_MOVE = YES;
				CLANG_WARN_UNGUARDED_AVAILABILITY = YES_AGGRESSIVE;
				CLANG_WARN_UNREACHABLE_CODE = YES;
				CLANG_WARN__DUPLICATE_METHOD_MATCH = YES;
				COPY_PHASE_STRIP = NO;
				CURRENT_PROJECT_VERSION = 1;
				DEBUG_INFORMATION_FORMAT = dwarf;
				ENABLE_STRICT_OBJC_MSGSEND = YES;
				ENABLE_TESTABILITY = YES;
				ENABLE_USER_SCRIPT_SANDBOXING = YES;
				GCC_C_LANGUAGE_STANDARD = gnu17;
				GCC_DYNAMIC_NO_PIC = NO;
				GCC_NO_COMMON_BLOCKS = YES;
				GCC_OPTIMIZATION_LEVEL = 0;
				GCC_PREPROCESSOR_DEFINITIONS = (
					"DEBUG=1",
					"$(inherited)",
				);
				GCC_WARN_64_TO_32_BIT_CONVERSION = YES;
				GCC_WARN_ABOUT_RETURN_TYPE = YES_ERROR;
				GCC_WARN_UNDECLARED_SELECTOR = YES;
				GCC_WARN_UNINITIALIZED_AUTOS = YES_AGGRESSIVE;
				GCC_WARN_UNUSED_FUNCTION = YES;
				GCC_WARN_UNUSED_VARIABLE = YES;
				IPHONEOS_DEPLOYMENT_TARGET = 17.5;
				LOCALIZATION_PREFERS_STRING_CATALOGS = YES;
				MTL_ENABLE_DEBUG_INFO = INCLUDE_SOURCE;
				MTL_FAST_MATH = YES;
				ONLY_ACTIVE_ARCH = YES;
				SDKROOT = iphoneos;
				SWIFT_ACTIVE_COMPILATION_CONDITIONS = "DEBUG $(inherited)";
				SWIFT_OPTIMIZATION_LEVEL = "-Onone";
				VERSIONING_SYSTEM = "apple-generic";
				VERSION_INFO_PREFIX = "";
			};
			name = Debug;
		};
		5CCBC60E2CA1F04A00E958D0 /* Release */ = {
			isa = XCBuildConfiguration;
			buildSettings = {
				ALWAYS_SEARCH_USER_PATHS = NO;
				ASSETCATALOG_COMPILER_GENERATE_SWIFT_ASSET_SYMBOL_EXTENSIONS = YES;
				CLANG_ANALYZER_NONNULL = YES;
				CLANG_ANALYZER_NUMBER_OBJECT_CONVERSION = YES_AGGRESSIVE;
				CLANG_CXX_LANGUAGE_STANDARD = "gnu++20";
				CLANG_ENABLE_MODULES = YES;
				CLANG_ENABLE_OBJC_ARC = YES;
				CLANG_ENABLE_OBJC_WEAK = YES;
				CLANG_WARN_BLOCK_CAPTURE_AUTORELEASING = YES;
				CLANG_WARN_BOOL_CONVERSION = YES;
				CLANG_WARN_COMMA = YES;
				CLANG_WARN_CONSTANT_CONVERSION = YES;
				CLANG_WARN_DEPRECATED_OBJC_IMPLEMENTATIONS = YES;
				CLANG_WARN_DIRECT_OBJC_ISA_USAGE = YES_ERROR;
				CLANG_WARN_DOCUMENTATION_COMMENTS = YES;
				CLANG_WARN_EMPTY_BODY = YES;
				CLANG_WARN_ENUM_CONVERSION = YES;
				CLANG_WARN_INFINITE_RECURSION = YES;
				CLANG_WARN_INT_CONVERSION = YES;
				CLANG_WARN_NON_LITERAL_NULL_CONVERSION = YES;
				CLANG_WARN_OBJC_IMPLICIT_RETAIN_SELF = YES;
				CLANG_WARN_OBJC_LITERAL_CONVERSION = YES;
				CLANG_WARN_OBJC_ROOT_CLASS = YES_ERROR;
				CLANG_WARN_QUOTED_INCLUDE_IN_FRAMEWORK_HEADER = YES;
				CLANG_WARN_RANGE_LOOP_ANALYSIS = YES;
				CLANG_WARN_STRICT_PROTOTYPES = YES;
				CLANG_WARN_SUSPICIOUS_MOVE = YES;
				CLANG_WARN_UNGUARDED_AVAILABILITY = YES_AGGRESSIVE;
				CLANG_WARN_UNREACHABLE_CODE = YES;
				CLANG_WARN__DUPLICATE_METHOD_MATCH = YES;
				COPY_PHASE_STRIP = NO;
				CURRENT_PROJECT_VERSION = 1;
				DEBUG_INFORMATION_FORMAT = "dwarf-with-dsym";
				ENABLE_NS_ASSERTIONS = NO;
				ENABLE_STRICT_OBJC_MSGSEND = YES;
				ENABLE_USER_SCRIPT_SANDBOXING = YES;
				GCC_C_LANGUAGE_STANDARD = gnu17;
				GCC_NO_COMMON_BLOCKS = YES;
				GCC_WARN_64_TO_32_BIT_CONVERSION = YES;
				GCC_WARN_ABOUT_RETURN_TYPE = YES_ERROR;
				GCC_WARN_UNDECLARED_SELECTOR = YES;
				GCC_WARN_UNINITIALIZED_AUTOS = YES_AGGRESSIVE;
				GCC_WARN_UNUSED_FUNCTION = YES;
				GCC_WARN_UNUSED_VARIABLE = YES;
				IPHONEOS_DEPLOYMENT_TARGET = 17.5;
				LOCALIZATION_PREFERS_STRING_CATALOGS = YES;
				MTL_ENABLE_DEBUG_INFO = NO;
				MTL_FAST_MATH = YES;
				SDKROOT = iphoneos;
				SWIFT_COMPILATION_MODE = wholemodule;
				VALIDATE_PRODUCT = YES;
				VERSIONING_SYSTEM = "apple-generic";
				VERSION_INFO_PREFIX = "";
			};
			name = Release;
		};
		5CCBC6102CA1F04A00E958D0 /* Debug */ = {
			isa = XCBuildConfiguration;
			buildSettings = {
				BUILD_LIBRARY_FOR_DISTRIBUTION = YES;
				CLANG_ENABLE_MODULES = YES;
				CODE_SIGN_STYLE = Automatic;
				CURRENT_PROJECT_VERSION = 1;
				DEFINES_MODULE = YES;
				DYLIB_COMPATIBILITY_VERSION = 1;
				DYLIB_CURRENT_VERSION = 1;
				DYLIB_INSTALL_NAME_BASE = "@rpath";
				ENABLE_MODULE_VERIFIER = YES;
				GENERATE_INFOPLIST_FILE = YES;
				HEADER_SEARCH_PATHS = "";
				INFOPLIST_KEY_NSHumanReadableCopyright = "";
				INSTALL_PATH = "$(LOCAL_LIBRARY_DIR)/Frameworks";
				LD_RUNPATH_SEARCH_PATHS = (
					"$(inherited)",
					"@executable_path/Frameworks",
					"@loader_path/Frameworks",
				);
				MARKETING_VERSION = 1.0;
				MODULE_VERIFIER_SUPPORTED_LANGUAGES = "objective-c objective-c++";
				MODULE_VERIFIER_SUPPORTED_LANGUAGE_STANDARDS = "gnu17 gnu++20";
				OTHER_LDFLAGS = "";
				PRODUCT_BUNDLE_IDENTIFIER = meta.llamatsack.LocalInferenceProvider;
				PRODUCT_NAME = "$(TARGET_NAME:c99extidentifier)";
				SKIP_INSTALL = YES;
				SWIFT_EMIT_LOC_STRINGS = YES;
				SWIFT_INSTALL_OBJC_HEADER = NO;
				SWIFT_OPTIMIZATION_LEVEL = "-Onone";
				SWIFT_VERSION = 5.0;
				TARGETED_DEVICE_FAMILY = "1,2";
			};
			name = Debug;
		};
		5CCBC6112CA1F04A00E958D0 /* Release */ = {
			isa = XCBuildConfiguration;
			buildSettings = {
				BUILD_LIBRARY_FOR_DISTRIBUTION = YES;
				CLANG_ENABLE_MODULES = YES;
				CODE_SIGN_STYLE = Automatic;
				CURRENT_PROJECT_VERSION = 1;
				DEFINES_MODULE = YES;
				DYLIB_COMPATIBILITY_VERSION = 1;
				DYLIB_CURRENT_VERSION = 1;
				DYLIB_INSTALL_NAME_BASE = "@rpath";
				ENABLE_MODULE_VERIFIER = YES;
				GENERATE_INFOPLIST_FILE = YES;
				HEADER_SEARCH_PATHS = "";
				INFOPLIST_KEY_NSHumanReadableCopyright = "";
				INSTALL_PATH = "$(LOCAL_LIBRARY_DIR)/Frameworks";
				LD_RUNPATH_SEARCH_PATHS = (
					"$(inherited)",
					"@executable_path/Frameworks",
					"@loader_path/Frameworks",
				);
				MARKETING_VERSION = 1.0;
				MODULE_VERIFIER_SUPPORTED_LANGUAGES = "objective-c objective-c++";
				MODULE_VERIFIER_SUPPORTED_LANGUAGE_STANDARDS = "gnu17 gnu++20";
				OTHER_LDFLAGS = "";
				PRODUCT_BUNDLE_IDENTIFIER = meta.llamatsack.LocalInferenceProvider;
				PRODUCT_NAME = "$(TARGET_NAME:c99extidentifier)";
				SKIP_INSTALL = YES;
				SWIFT_EMIT_LOC_STRINGS = YES;
				SWIFT_INSTALL_OBJC_HEADER = NO;
				SWIFT_VERSION = 5.0;
				TARGETED_DEVICE_FAMILY = "1,2";
			};
			name = Release;
		};
/* End XCBuildConfiguration section */

/* Begin XCConfigurationList section */
		5CCBC6022CA1F04A00E958D0 /* Build configuration list for PBXProject "LocalInferenceImpl" */ = {
			isa = XCConfigurationList;
			buildConfigurations = (
				5CCBC60D2CA1F04A00E958D0 /* Debug */,
				5CCBC60E2CA1F04A00E958D0 /* Release */,
			);
			defaultConfigurationIsVisible = 0;
			defaultConfigurationName = Release;
		};
		5CCBC60F2CA1F04A00E958D0 /* Build configuration list for PBXNativeTarget "LocalInferenceImpl" */ = {
			isa = XCConfigurationList;
			buildConfigurations = (
				5CCBC6102CA1F04A00E958D0 /* Debug */,
				5CCBC6112CA1F04A00E958D0 /* Release */,
			);
			defaultConfigurationIsVisible = 0;
			defaultConfigurationName = Release;
		};
/* End XCConfigurationList section */

/* Begin XCRemoteSwiftPackageReference section */
		5CAF3DD62CA485740029CD2B /* XCRemoteSwiftPackageReference "llama-stack-client-swift" */ = {
			isa = XCRemoteSwiftPackageReference;
			repositoryURL = "https://github.com/meta-llama/llama-stack-client-swift";
			requirement = {
				branch = main;
				kind = branch;
			};
		};
		5CCBC6732CA1F45800E958D0 /* XCRemoteSwiftPackageReference "executorch" */ = {
			isa = XCRemoteSwiftPackageReference;
			repositoryURL = "https://github.com/pytorch/executorch";
			requirement = {
				branch = latest;
				kind = branch;
			};
		};
		5CCBC6912CA1F7D000E958D0 /* XCRemoteSwiftPackageReference "Stencil" */ = {
			isa = XCRemoteSwiftPackageReference;
			repositoryURL = "https://github.com/stencilproject/Stencil";
			requirement = {
				kind = upToNextMajorVersion;
				minimumVersion = 0.15.1;
			};
		};
/* End XCRemoteSwiftPackageReference section */

/* Begin XCSwiftPackageProductDependency section */
		5CADC7192CA471CC007662D2 /* LlamaStackClient */ = {
			isa = XCSwiftPackageProductDependency;
			productName = LlamaStackClient;
		};
		5CAF3DD72CA485740029CD2B /* LlamaStackClient */ = {
			isa = XCSwiftPackageProductDependency;
			package = 5CAF3DD62CA485740029CD2B /* XCRemoteSwiftPackageReference "llama-stack-client-swift" */;
			productName = LlamaStackClient;
		};
		5CCBC6742CA1F45800E958D0 /* executorch_debug */ = {
			isa = XCSwiftPackageProductDependency;
			package = 5CCBC6732CA1F45800E958D0 /* XCRemoteSwiftPackageReference "executorch" */;
			productName = executorch_debug;
		};
		5CCBC6922CA1F7D000E958D0 /* Stencil */ = {
			isa = XCSwiftPackageProductDependency;
			package = 5CCBC6912CA1F7D000E958D0 /* XCRemoteSwiftPackageReference "Stencil" */;
			productName = Stencil;
		};
/* End XCSwiftPackageProductDependency section */
	};
	rootObject = 5CCBC5FF2CA1F04A00E958D0 /* Project object */;
}
